
Microsoft Visual Studio Solution File, Format Version 12.00
# Visual Studio Version 17
VisualStudioVersion = 17.10.35013.160
MinimumVisualStudioVersion = 10.0.40219.1
Project("{9A19103F-16F7-4668-BE54-9A1E7A4F7556}") = "TestBench", "TestBench\TestBench.csproj", "{91B743B1-C5DA-4032-A6B4-7505E1266B93}"
EndProject
Project("{2150E333-8FDC-42A3-9474-1A3956D46DE8}") = "BlackHole.Abstractions", "BlackHole.Abstractions", "{5581DF96-963D-4FBC-9A66-5300728F1947}"
EndProject
Project("{2150E333-8FDC-42A3-9474-1A3956D46DE8}") = "BlackHole.Providers", "BlackHole.Providers", "{CBE49722-1726-4346-A4D0-6C0AC215CAEC}"
EndProject
Project("{9A19103F-16F7-4668-BE54-9A1E7A4F7556}") = "Mikarsoft.BlackHoleCore.Abstractions", "Mikarsoft.BlackHoleCore\BlackHole.Abstractions\Mikarsoft.BlackHoleCore.Abstractions\Mikarsoft.BlackHoleCore.Abstractions.csproj", "{3E32871E-666A-4924-8EB2-530712FF2F58}"
EndProject
Project("{9A19103F-16F7-4668-BE54-9A1E7A4F7556}") = "Mikarsoft.BlackHoleCore.Connector", "Mikarsoft.BlackHoleCore\BlackHole.Abstractions\Mikarsoft.BlackHoleCore.Connector\Mikarsoft.BlackHoleCore.Connector.csproj", "{9CE70878-B599-4EDA-A80E-C3E77FD0509B}"
EndProject
Project("{9A19103F-16F7-4668-BE54-9A1E7A4F7556}") = "Mikarsoft.BlackHoleCore.Npgsql", "Mikarsoft.BlackHoleCore\BlackHole.Providers\Mikarsoft.BlackHoleCore.Npgsql\Mikarsoft.BlackHoleCore.Npgsql.csproj", "{10E1C493-46E4-49EC-942B-C3442DDA9FC3}"
EndProject
Project("{9A19103F-16F7-4668-BE54-9A1E7A4F7556}") = "Mikarsoft.BlackHoleCore", "Mikarsoft.BlackHoleCore\Mikarsoft.BlackHoleCore\Mikarsoft.BlackHoleCore.csproj", "{D90278B1-47C6-499B-A27E-A64A91BF46B2}"
EndProject
Project("{FAE04EC0-301F-11D3-BF4B-00C04F79EFBC}") = "BlackHoleDIBench", "BlackHoleDIBench\BlackHoleDIBench.csproj", "{956DA0D1-2B3F-4E55-B8F1-9AB771129221}"
EndProject
Global
	GlobalSection(SolutionConfigurationPlatforms) = preSolution
		Debug|Any CPU = Debug|Any CPU
		Release|Any CPU = Release|Any CPU
	EndGlobalSection
	GlobalSection(ProjectConfigurationPlatforms) = postSolution
		{91B743B1-C5DA-4032-A6B4-7505E1266B93}.Debug|Any CPU.ActiveCfg = Debug|Any CPU
		{91B743B1-C5DA-4032-A6B4-7505E1266B93}.Debug|Any CPU.Build.0 = Debug|Any CPU
		{91B743B1-C5DA-4032-A6B4-7505E1266B93}.Release|Any CPU.ActiveCfg = Release|Any CPU
		{91B743B1-C5DA-4032-A6B4-7505E1266B93}.Release|Any CPU.Build.0 = Release|Any CPU
		{3E32871E-666A-4924-8EB2-530712FF2F58}.Debug|Any CPU.ActiveCfg = Debug|Any CPU
		{3E32871E-666A-4924-8EB2-530712FF2F58}.Debug|Any CPU.Build.0 = Debug|Any CPU
		{3E32871E-666A-4924-8EB2-530712FF2F58}.Release|Any CPU.ActiveCfg = Release|Any CPU
		{3E32871E-666A-4924-8EB2-530712FF2F58}.Release|Any CPU.Build.0 = Release|Any CPU
		{9CE70878-B599-4EDA-A80E-C3E77FD0509B}.Debug|Any CPU.ActiveCfg = Debug|Any CPU
		{9CE70878-B599-4EDA-A80E-C3E77FD0509B}.Debug|Any CPU.Build.0 = Debug|Any CPU
		{9CE70878-B599-4EDA-A80E-C3E77FD0509B}.Release|Any CPU.ActiveCfg = Release|Any CPU
		{9CE70878-B599-4EDA-A80E-C3E77FD0509B}.Release|Any CPU.Build.0 = Release|Any CPU
		{10E1C493-46E4-49EC-942B-C3442DDA9FC3}.Debug|Any CPU.ActiveCfg = Debug|Any CPU
		{10E1C493-46E4-49EC-942B-C3442DDA9FC3}.Debug|Any CPU.Build.0 = Debug|Any CPU
		{10E1C493-46E4-49EC-942B-C3442DDA9FC3}.Release|Any CPU.ActiveCfg = Release|Any CPU
		{10E1C493-46E4-49EC-942B-C3442DDA9FC3}.Release|Any CPU.Build.0 = Release|Any CPU
		{D90278B1-47C6-499B-A27E-A64A91BF46B2}.Debug|Any CPU.ActiveCfg = Debug|Any CPU
		{D90278B1-47C6-499B-A27E-A64A91BF46B2}.Debug|Any CPU.Build.0 = Debug|Any CPU
		{D90278B1-47C6-499B-A27E-A64A91BF46B2}.Release|Any CPU.ActiveCfg = Release|Any CPU
		{D90278B1-47C6-499B-A27E-A64A91BF46B2}.Release|Any CPU.Build.0 = Release|Any CPU
		{956DA0D1-2B3F-4E55-B8F1-9AB771129221}.Debug|Any CPU.ActiveCfg = Debug|Any CPU
		{956DA0D1-2B3F-4E55-B8F1-9AB771129221}.Debug|Any CPU.Build.0 = Debug|Any CPU
		{956DA0D1-2B3F-4E55-B8F1-9AB771129221}.Release|Any CPU.ActiveCfg = Release|Any CPU
		{956DA0D1-2B3F-4E55-B8F1-9AB771129221}.Release|Any CPU.Build.0 = Release|Any CPU
	EndGlobalSection
	GlobalSection(SolutionProperties) = preSolution
		HideSolutionNode = FALSE
	EndGlobalSection
	GlobalSection(NestedProjects) = preSolution
		{3E32871E-666A-4924-8EB2-530712FF2F58} = {5581DF96-963D-4FBC-9A66-5300728F1947}
		{9CE70878-B599-4EDA-A80E-C3E77FD0509B} = {5581DF96-963D-4FBC-9A66-5300728F1947}
		{10E1C493-46E4-49EC-942B-C3442DDA9FC3} = {CBE49722-1726-4346-A4D0-6C0AC215CAEC}
	EndGlobalSection
	GlobalSection(ExtensibilityGlobals) = postSolution
		SolutionGuid = {EC344137-E636-4DD3-8745-20D33DEC1E68}
	EndGlobalSection
EndGlobal
